{
  "requires": true,
  "lockfileVersion": 1,
  "dependencies": {
    "kyleharv-palindrome": {
      "version": "0.1.0",
      "resolved": "https://registry.npmjs.org/kyleharv-palindrome/-/kyleharv-palindrome-0.1.0.tgz",
      "integrity": "sha512-h4uBLmbcJ3emA5UBMyxC4rY2xnJ5W6x4FFhrrrBx5hp8eElXCZQBvvp8/e7oaEQ+2CIRlNbS+wDu6NepnVHsZQ=="
    }
  }
}
