{
  "requires": true,
  "lockfileVersion": 1,
  "dependencies": {
    "kyleharv-palindrome": {
      "version": "0.1.1",
      "resolved": "https://registry.npmjs.org/kyleharv-palindrome/-/kyleharv-palindrome-0.1.1.tgz",
      "integrity": "sha512-sYxlXctnpZpoqYQaUUL9OxIMylBjFmgR2khNjKZ5chg/DVIaHw77UiR4PsA5/W4BDN9RrsuULRt5XT3j0qYtnA=="
    }
  }
}
